PODS:
  - JTAppleCalendar (8.0.0)
  - Realm (4.3.2):
    - Realm/Headers (= 4.3.2)
  - Realm/Headers (4.3.2)
  - RealmSwift (4.3.2):
    - Realm (= 4.3.2)

DEPENDENCIES:
  - JTAppleCalendar
  - RealmSwift

SPEC REPOS:
  https://github.com/CocoaPods/Specs.git:
    - JTAppleCalendar
    - Realm
    - RealmSwift

SPEC CHECKSUMS:
  JTAppleCalendar: 76ccdc5a8b236166293e50b190c5f2722c30cdcd
  Realm: 5e92902e2875dff4bb0fd02f67bb737c3d5db2bc
  RealmSwift: 9a360fc7bae04fc2e308a34fbd899d5faa2d6b22

PODFILE CHECKSUM: 04abc10b3851a038f4cc73153c3c767069fb9545

COCOAPODS: 1.9.0
