PODS:
  - JTAppleCalendar (8.0.3)
  - Realm (10.5.1):
    - Realm/Headers (= 10.5.1)
  - Realm/Headers (10.5.1)
  - RealmSwift (10.5.1):
    - Realm (= 10.5.1)

DEPENDENCIES:
  - JTAppleCalendar
  - RealmSwift

SPEC REPOS:
  https://github.com/CocoaPods/Specs.git:
    - JTAppleCalendar
    - Realm
    - RealmSwift

SPEC CHECKSUMS:
  JTAppleCalendar: 932cadea40b1051beab10f67843451d48ba16c99
  Realm: 77fcb4e0b9f2963ea06f584749a0d7dc9cab95e1
  RealmSwift: 6abe6aa6cd8b70cc1a87afcb9232cabea74ff1ac

PODFILE CHECKSUM: 04abc10b3851a038f4cc73153c3c767069fb9545

COCOAPODS: 1.10.1
