// !$*UTF8*$!
{
	archiveVersion = 1;
	classes = {
	};
	objectVersion = 51;
	objects = {

/* Begin PBXBuildFile section */
		D70620392490842A000F362F /* Category.swift in Sources */ = {isa = PBXBuildFile; fileRef = D70620382490842A000F362F /* Category.swift */; };
		D7142A7F25F6F787003C8DE5 /* MenuOption.swift in Sources */ = {isa = PBXBuildFile; fileRef = D7142A7E25F6F787003C8DE5 /* MenuOption.swift */; };
		D7142A8325F6FB45003C8DE5 /* MenuOptionCell.swift in Sources */ = {isa = PBXBuildFile; fileRef = D7142A8225F6FB45003C8DE5 /* MenuOptionCell.swift */; };
		D7142A8725F73438003C8DE5 /* SettingsManager.swift in Sources */ = {isa = PBXBuildFile; fileRef = D7142A8625F73438003C8DE5 /* SettingsManager.swift */; };
		D71F85FF2426417B002D0F4D /* DateCell.swift in Sources */ = {isa = PBXBuildFile; fileRef = D71F85FE2426417B002D0F4D /* DateCell.swift */; };
		D72DB20024CE49A0000370B7 /* NETextCell.swift in Sources */ = {isa = PBXBuildFile; fileRef = D72DB1FF24CE49A0000370B7 /* NETextCell.swift */; };
		D72DB20224CE4A24000370B7 /* NELabelsCell.swift in Sources */ = {isa = PBXBuildFile; fileRef = D72DB20124CE4A24000370B7 /* NELabelsCell.swift */; };
		D72DB20624CE4C2B000370B7 /* NEToggleCell.swift in Sources */ = {isa = PBXBuildFile; fileRef = D72DB20524CE4C2B000370B7 /* NEToggleCell.swift */; };
		D72DB20824CE4C68000370B7 /* NEPickerCell.swift in Sources */ = {isa = PBXBuildFile; fileRef = D72DB20724CE4C68000370B7 /* NEPickerCell.swift */; };
		D72DB20A24CE4C95000370B7 /* NEDatePickerCell.swift in Sources */ = {isa = PBXBuildFile; fileRef = D72DB20924CE4C95000370B7 /* NEDatePickerCell.swift */; };
		D736106E243218A200C88CDC /* DateHeader.swift in Sources */ = {isa = PBXBuildFile; fileRef = D736106D243218A200C88CDC /* DateHeader.swift */; };
		D766FE0124CBAE6A0026C1C6 /* MainTabBarController.swift in Sources */ = {isa = PBXBuildFile; fileRef = D766FE0024CBAE6A0026C1C6 /* MainTabBarController.swift */; };
		D76830E92491B397001200E3 /* CategoryCell.swift in Sources */ = {isa = PBXBuildFile; fileRef = D76830E82491B397001200E3 /* CategoryCell.swift */; };
		D77F5DD82425EB65009A0460 /* AppDelegate.swift in Sources */ = {isa = PBXBuildFile; fileRef = D77F5DD72425EB65009A0460 /* AppDelegate.swift */; };
		D77F5DDA2425EB65009A0460 /* SceneDelegate.swift in Sources */ = {isa = PBXBuildFile; fileRef = D77F5DD92425EB65009A0460 /* SceneDelegate.swift */; };
		D77F5DDC2425EB65009A0460 /* HomeController.swift in Sources */ = {isa = PBXBuildFile; fileRef = D77F5DDB2425EB65009A0460 /* HomeController.swift */; };
		D77F5DE12425EB6D009A0460 /* Assets.xcassets in Resources */ = {isa = PBXBuildFile; fileRef = D77F5DE02425EB6D009A0460 /* Assets.xcassets */; };
		D77F5DE42425EB6D009A0460 /* LaunchScreen.storyboard in Resources */ = {isa = PBXBuildFile; fileRef = D77F5DE22425EB6D009A0460 /* LaunchScreen.storyboard */; };
		D7A23F2125CFAE2400B1AE88 /* BaseController.swift in Sources */ = {isa = PBXBuildFile; fileRef = D7A23F2025CFAE2400B1AE88 /* BaseController.swift */; };
		D7A23F2725D0216600B1AE88 /* PersistentManager.swift in Sources */ = {isa = PBXBuildFile; fileRef = D7A23F2625D0216600B1AE88 /* PersistentManager.swift */; };
		D7DB23F0248F5EB500D3C47E /* Event.swift in Sources */ = {isa = PBXBuildFile; fileRef = D7DB23EF248F5EB500D3C47E /* Event.swift */; };
		D7DB23F2248F7B2100D3C47E /* EventCell.swift in Sources */ = {isa = PBXBuildFile; fileRef = D7DB23F1248F7B2100D3C47E /* EventCell.swift */; };
		D7E928182425F98100EA8362 /* Extensions.swift in Sources */ = {isa = PBXBuildFile; fileRef = D7E928172425F98100EA8362 /* Extensions.swift */; };
		D7E93E4425F3140E00D44471 /* NewCategoryCell.swift in Sources */ = {isa = PBXBuildFile; fileRef = D7E93E4325F3140E00D44471 /* NewCategoryCell.swift */; };
		D7F68596248CB65900E963AA /* NewEventController.swift in Sources */ = {isa = PBXBuildFile; fileRef = D7F68595248CB65900E963AA /* NewEventController.swift */; };
		D7F68598248CBF5C00E963AA /* CategoriesController.swift in Sources */ = {isa = PBXBuildFile; fileRef = D7F68597248CBF5C00E963AA /* CategoriesController.swift */; };
		D7F6859A248CBF8F00E963AA /* SettingsController.swift in Sources */ = {isa = PBXBuildFile; fileRef = D7F68599248CBF8F00E963AA /* SettingsController.swift */; };
		D7F9EF5F24CE5A30000CCE35 /* Constants.swift in Sources */ = {isa = PBXBuildFile; fileRef = D7F9EF5E24CE5A30000CCE35 /* Constants.swift */; };
		F51C0BC8585AB7D3D3BC344C /* Pods_Daily.framework in Frameworks */ = {isa = PBXBuildFile; fileRef = 15101A92A76515D996FD520B /* Pods_Daily.framework */; };
/* End PBXBuildFile section */

/* Begin PBXFileReference section */
		15101A92A76515D996FD520B /* Pods_Daily.framework */ = {isa = PBXFileReference; explicitFileType = wrapper.framework; includeInIndex = 0; path = Pods_Daily.framework; sourceTree = BUILT_PRODUCTS_DIR; };
		515D37E6486BABD9EB1C69D3 /* Pods-Daily.debug.xcconfig */ = {isa = PBXFileReference; includeInIndex = 1; lastKnownFileType = text.xcconfig; name = "Pods-Daily.debug.xcconfig"; path = "Target Support Files/Pods-Daily/Pods-Daily.debug.xcconfig"; sourceTree = "<group>"; };
		D70620382490842A000F362F /* Category.swift */ = {isa = PBXFileReference; lastKnownFileType = sourcecode.swift; path = Category.swift; sourceTree = "<group>"; };
		D7142A7E25F6F787003C8DE5 /* MenuOption.swift */ = {isa = PBXFileReference; lastKnownFileType = sourcecode.swift; path = MenuOption.swift; sourceTree = "<group>"; };
		D7142A8225F6FB45003C8DE5 /* MenuOptionCell.swift */ = {isa = PBXFileReference; lastKnownFileType = sourcecode.swift; path = MenuOptionCell.swift; sourceTree = "<group>"; };
		D7142A8625F73438003C8DE5 /* SettingsManager.swift */ = {isa = PBXFileReference; lastKnownFileType = sourcecode.swift; path = SettingsManager.swift; sourceTree = "<group>"; };
		D71F85FE2426417B002D0F4D /* DateCell.swift */ = {isa = PBXFileReference; lastKnownFileType = sourcecode.swift; path = DateCell.swift; sourceTree = "<group>"; };
		D72DB1FF24CE49A0000370B7 /* NETextCell.swift */ = {isa = PBXFileReference; lastKnownFileType = sourcecode.swift; path = NETextCell.swift; sourceTree = "<group>"; };
		D72DB20124CE4A24000370B7 /* NELabelsCell.swift */ = {isa = PBXFileReference; lastKnownFileType = sourcecode.swift; path = NELabelsCell.swift; sourceTree = "<group>"; };
		D72DB20524CE4C2B000370B7 /* NEToggleCell.swift */ = {isa = PBXFileReference; lastKnownFileType = sourcecode.swift; path = NEToggleCell.swift; sourceTree = "<group>"; };
		D72DB20724CE4C68000370B7 /* NEPickerCell.swift */ = {isa = PBXFileReference; lastKnownFileType = sourcecode.swift; path = NEPickerCell.swift; sourceTree = "<group>"; };
		D72DB20924CE4C95000370B7 /* NEDatePickerCell.swift */ = {isa = PBXFileReference; lastKnownFileType = sourcecode.swift; path = NEDatePickerCell.swift; sourceTree = "<group>"; };
		D736106D243218A200C88CDC /* DateHeader.swift */ = {isa = PBXFileReference; lastKnownFileType = sourcecode.swift; path = DateHeader.swift; sourceTree = "<group>"; };
		D766FE0024CBAE6A0026C1C6 /* MainTabBarController.swift */ = {isa = PBXFileReference; lastKnownFileType = sourcecode.swift; path = MainTabBarController.swift; sourceTree = "<group>"; };
		D76830E82491B397001200E3 /* CategoryCell.swift */ = {isa = PBXFileReference; lastKnownFileType = sourcecode.swift; path = CategoryCell.swift; sourceTree = "<group>"; };
		D77F5DD42425EB65009A0460 /* Daily.app */ = {isa = PBXFileReference; explicitFileType = wrapper.application; includeInIndex = 0; path = Daily.app; sourceTree = BUILT_PRODUCTS_DIR; };
		D77F5DD72425EB65009A0460 /* AppDelegate.swift */ = {isa = PBXFileReference; lastKnownFileType = sourcecode.swift; path = AppDelegate.swift; sourceTree = "<group>"; };
		D77F5DD92425EB65009A0460 /* SceneDelegate.swift */ = {isa = PBXFileReference; lastKnownFileType = sourcecode.swift; path = SceneDelegate.swift; sourceTree = "<group>"; };
		D77F5DDB2425EB65009A0460 /* HomeController.swift */ = {isa = PBXFileReference; lastKnownFileType = sourcecode.swift; path = HomeController.swift; sourceTree = "<group>"; };
		D77F5DE02425EB6D009A0460 /* Assets.xcassets */ = {isa = PBXFileReference; lastKnownFileType = folder.assetcatalog; path = Assets.xcassets; sourceTree = "<group>"; };
		D77F5DE32425EB6D009A0460 /* Base */ = {isa = PBXFileReference; lastKnownFileType = file.storyboard; name = Base; path = Base.lproj/LaunchScreen.storyboard; sourceTree = "<group>"; };
		D77F5DE52425EB6D009A0460 /* Info.plist */ = {isa = PBXFileReference; lastKnownFileType = text.plist.xml; path = Info.plist; sourceTree = "<group>"; };
		D7A23F2025CFAE2400B1AE88 /* BaseController.swift */ = {isa = PBXFileReference; lastKnownFileType = sourcecode.swift; path = BaseController.swift; sourceTree = "<group>"; };
		D7A23F2625D0216600B1AE88 /* PersistentManager.swift */ = {isa = PBXFileReference; lastKnownFileType = sourcecode.swift; path = PersistentManager.swift; sourceTree = "<group>"; };
		D7DB23EF248F5EB500D3C47E /* Event.swift */ = {isa = PBXFileReference; lastKnownFileType = sourcecode.swift; path = Event.swift; sourceTree = "<group>"; };
		D7DB23F1248F7B2100D3C47E /* EventCell.swift */ = {isa = PBXFileReference; lastKnownFileType = sourcecode.swift; path = EventCell.swift; sourceTree = "<group>"; };
		D7E928172425F98100EA8362 /* Extensions.swift */ = {isa = PBXFileReference; fileEncoding = 4; lastKnownFileType = sourcecode.swift; path = Extensions.swift; sourceTree = "<group>"; };
		D7E93E4325F3140E00D44471 /* NewCategoryCell.swift */ = {isa = PBXFileReference; lastKnownFileType = sourcecode.swift; path = NewCategoryCell.swift; sourceTree = "<group>"; };
		D7F68595248CB65900E963AA /* NewEventController.swift */ = {isa = PBXFileReference; lastKnownFileType = sourcecode.swift; path = NewEventController.swift; sourceTree = "<group>"; };
		D7F68597248CBF5C00E963AA /* CategoriesController.swift */ = {isa = PBXFileReference; lastKnownFileType = sourcecode.swift; path = CategoriesController.swift; sourceTree = "<group>"; };
		D7F68599248CBF8F00E963AA /* SettingsController.swift */ = {isa = PBXFileReference; lastKnownFileType = sourcecode.swift; path = SettingsController.swift; sourceTree = "<group>"; };
		D7F9EF5E24CE5A30000CCE35 /* Constants.swift */ = {isa = PBXFileReference; lastKnownFileType = sourcecode.swift; path = Constants.swift; sourceTree = "<group>"; };
		E219ADD1D7BF065B33E439D1 /* Pods-Daily.release.xcconfig */ = {isa = PBXFileReference; includeInIndex = 1; lastKnownFileType = text.xcconfig; name = "Pods-Daily.release.xcconfig"; path = "Target Support Files/Pods-Daily/Pods-Daily.release.xcconfig"; sourceTree = "<group>"; };
/* End PBXFileReference section */

/* Begin PBXFrameworksBuildPhase section */
		D77F5DD12425EB64009A0460 /* Frameworks */ = {
			isa = PBXFrameworksBuildPhase;
			buildActionMask = 2147483647;
			files = (
				F51C0BC8585AB7D3D3BC344C /* Pods_Daily.framework in Frameworks */,
			);
			runOnlyForDeploymentPostprocessing = 0;
		};
/* End PBXFrameworksBuildPhase section */

/* Begin PBXGroup section */
		5C51DEE80CF005CC977DE454 /* Frameworks */ = {
			isa = PBXGroup;
			children = (
				15101A92A76515D996FD520B /* Pods_Daily.framework */,
			);
			name = Frameworks;
			sourceTree = "<group>";
		};
		D7142A8125F6FB0D003C8DE5 /* Settings */ = {
			isa = PBXGroup;
			children = (
				D7142A8225F6FB45003C8DE5 /* MenuOptionCell.swift */,
			);
			path = Settings;
			sourceTree = "<group>";
		};
		D72DB20324CE4A97000370B7 /* NewEvent */ = {
			isa = PBXGroup;
			children = (
				D72DB1FF24CE49A0000370B7 /* NETextCell.swift */,
				D72DB20124CE4A24000370B7 /* NELabelsCell.swift */,
				D72DB20524CE4C2B000370B7 /* NEToggleCell.swift */,
				D72DB20724CE4C68000370B7 /* NEPickerCell.swift */,
				D72DB20924CE4C95000370B7 /* NEDatePickerCell.swift */,
			);
			path = NewEvent;
			sourceTree = "<group>";
		};
		D72DB20424CE4B90000370B7 /* Home */ = {
			isa = PBXGroup;
			children = (
				D736106D243218A200C88CDC /* DateHeader.swift */,
				D71F85FE2426417B002D0F4D /* DateCell.swift */,
				D7DB23F1248F7B2100D3C47E /* EventCell.swift */,
			);
			path = Home;
			sourceTree = "<group>";
		};
		D77F5DCB2425EB64009A0460 = {
			isa = PBXGroup;
			children = (
				D77F5DD62425EB65009A0460 /* Daily */,
				D77F5DD52425EB65009A0460 /* Products */,
				E3EA245001470066806E45E2 /* Pods */,
				5C51DEE80CF005CC977DE454 /* Frameworks */,
			);
			sourceTree = "<group>";
		};
		D77F5DD52425EB65009A0460 /* Products */ = {
			isa = PBXGroup;
			children = (
				D77F5DD42425EB65009A0460 /* Daily.app */,
			);
			name = Products;
			sourceTree = "<group>";
		};
		D77F5DD62425EB65009A0460 /* Daily */ = {
			isa = PBXGroup;
			children = (
				D7A23F2525D0213100B1AE88 /* Manager */,
				D7E928162425F93200EA8362 /* Utils */,
				D77F5DEC2425EC4F009A0460 /* Model */,
				D77F5DED2425EC5D009A0460 /* View */,
				D77F5DEB2425EC3D009A0460 /* Controller */,
				D77F5DD72425EB65009A0460 /* AppDelegate.swift */,
				D77F5DD92425EB65009A0460 /* SceneDelegate.swift */,
				D77F5DE02425EB6D009A0460 /* Assets.xcassets */,
				D77F5DE22425EB6D009A0460 /* LaunchScreen.storyboard */,
				D77F5DE52425EB6D009A0460 /* Info.plist */,
			);
			path = Daily;
			sourceTree = "<group>";
		};
		D77F5DEB2425EC3D009A0460 /* Controller */ = {
			isa = PBXGroup;
			children = (
				D766FE0024CBAE6A0026C1C6 /* MainTabBarController.swift */,
				D77F5DDB2425EB65009A0460 /* HomeController.swift */,
				D7F68597248CBF5C00E963AA /* CategoriesController.swift */,
				D7F68599248CBF8F00E963AA /* SettingsController.swift */,
				D7F68595248CB65900E963AA /* NewEventController.swift */,
				D7A23F2025CFAE2400B1AE88 /* BaseController.swift */,
			);
			path = Controller;
			sourceTree = "<group>";
		};
		D77F5DEC2425EC4F009A0460 /* Model */ = {
			isa = PBXGroup;
			children = (
				D7DB23EF248F5EB500D3C47E /* Event.swift */,
				D70620382490842A000F362F /* Category.swift */,
				D7142A7E25F6F787003C8DE5 /* MenuOption.swift */,
			);
			path = Model;
			sourceTree = "<group>";
		};
		D77F5DED2425EC5D009A0460 /* View */ = {
			isa = PBXGroup;
			children = (
				D72DB20424CE4B90000370B7 /* Home */,
				D7E93E4225F313B800D44471 /* Categories */,
				D7142A8125F6FB0D003C8DE5 /* Settings */,
				D72DB20324CE4A97000370B7 /* NewEvent */,
			);
			path = View;
			sourceTree = "<group>";
		};
		D7A23F2525D0213100B1AE88 /* Manager */ = {
			isa = PBXGroup;
			children = (
				D7A23F2625D0216600B1AE88 /* PersistentManager.swift */,
				D7142A8625F73438003C8DE5 /* SettingsManager.swift */,
			);
			path = Manager;
			sourceTree = "<group>";
		};
		D7E928162425F93200EA8362 /* Utils */ = {
			isa = PBXGroup;
			children = (
				D7E928172425F98100EA8362 /* Extensions.swift */,
				D7F9EF5E24CE5A30000CCE35 /* Constants.swift */,
			);
			path = Utils;
			sourceTree = "<group>";
		};
		D7E93E4225F313B800D44471 /* Categories */ = {
			isa = PBXGroup;
			children = (
				D76830E82491B397001200E3 /* CategoryCell.swift */,
				D7E93E4325F3140E00D44471 /* NewCategoryCell.swift */,
			);
			path = Categories;
			sourceTree = "<group>";
		};
		E3EA245001470066806E45E2 /* Pods */ = {
			isa = PBXGroup;
			children = (
				515D37E6486BABD9EB1C69D3 /* Pods-Daily.debug.xcconfig */,
				E219ADD1D7BF065B33E439D1 /* Pods-Daily.release.xcconfig */,
			);
			path = Pods;
			sourceTree = "<group>";
		};
/* End PBXGroup section */

/* Begin PBXNativeTarget section */
		D77F5DD32425EB64009A0460 /* Daily */ = {
			isa = PBXNativeTarget;
			buildConfigurationList = D77F5DE82425EB6D009A0460 /* Build configuration list for PBXNativeTarget "Daily" */;
			buildPhases = (
				690D290DDAAC9BE3E94A9DE6 /* [CP] Check Pods Manifest.lock */,
				D77F5DD02425EB64009A0460 /* Sources */,
				D77F5DD12425EB64009A0460 /* Frameworks */,
				D77F5DD22425EB64009A0460 /* Resources */,
				84130F130736D33DF337E1FC /* [CP] Embed Pods Frameworks */,
			);
			buildRules = (
			);
			dependencies = (
			);
			name = Daily;
			productName = Daily;
			productReference = D77F5DD42425EB65009A0460 /* Daily.app */;
			productType = "com.apple.product-type.application";
		};
/* End PBXNativeTarget section */

/* Begin PBXProject section */
		D77F5DCC2425EB64009A0460 /* Project object */ = {
			isa = PBXProject;
			attributes = {
				LastSwiftUpdateCheck = 1130;
				LastUpgradeCheck = 1240;
				ORGANIZATIONNAME = Motodolphin;
				TargetAttributes = {
					D77F5DD32425EB64009A0460 = {
						CreatedOnToolsVersion = 11.3.1;
					};
				};
			};
			buildConfigurationList = D77F5DCF2425EB64009A0460 /* Build configuration list for PBXProject "Daily" */;
			compatibilityVersion = "Xcode 9.3";
			developmentRegion = en;
			hasScannedForEncodings = 0;
			knownRegions = (
				en,
				Base,
			);
			mainGroup = D77F5DCB2425EB64009A0460;
			productRefGroup = D77F5DD52425EB65009A0460 /* Products */;
			projectDirPath = "";
			projectRoot = "";
			targets = (
				D77F5DD32425EB64009A0460 /* Daily */,
			);
		};
/* End PBXProject section */

/* Begin PBXResourcesBuildPhase section */
		D77F5DD22425EB64009A0460 /* Resources */ = {
			isa = PBXResourcesBuildPhase;
			buildActionMask = 2147483647;
			files = (
				D77F5DE42425EB6D009A0460 /* LaunchScreen.storyboard in Resources */,
				D77F5DE12425EB6D009A0460 /* Assets.xcassets in Resources */,
			);
			runOnlyForDeploymentPostprocessing = 0;
		};
/* End PBXResourcesBuildPhase section */

/* Begin PBXShellScriptBuildPhase section */
		690D290DDAAC9BE3E94A9DE6 /* [CP] Check Pods Manifest.lock */ = {
			isa = PBXShellScriptBuildPhase;
			buildActionMask = 2147483647;
			files = (
			);
			inputFileListPaths = (
			);
			inputPaths = (
				"${PODS_PODFILE_DIR_PATH}/Podfile.lock",
				"${PODS_ROOT}/Manifest.lock",
			);
			name = "[CP] Check Pods Manifest.lock";
			outputFileListPaths = (
			);
			outputPaths = (
				"$(DERIVED_FILE_DIR)/Pods-Daily-checkManifestLockResult.txt",
			);
			runOnlyForDeploymentPostprocessing = 0;
			shellPath = /bin/sh;
			shellScript = "diff \"${PODS_PODFILE_DIR_PATH}/Podfile.lock\" \"${PODS_ROOT}/Manifest.lock\" > /dev/null\nif [ $? != 0 ] ; then\n    # print error to STDERR\n    echo \"error: The sandbox is not in sync with the Podfile.lock. Run 'pod install' or update your CocoaPods installation.\" >&2\n    exit 1\nfi\n# This output is used by Xcode 'outputs' to avoid re-running this script phase.\necho \"SUCCESS\" > \"${SCRIPT_OUTPUT_FILE_0}\"\n";
			showEnvVarsInLog = 0;
		};
		84130F130736D33DF337E1FC /* [CP] Embed Pods Frameworks */ = {
			isa = PBXShellScriptBuildPhase;
			buildActionMask = 2147483647;
			files = (
			);
			inputFileListPaths = (
				"${PODS_ROOT}/Target Support Files/Pods-Daily/Pods-Daily-frameworks-${CONFIGURATION}-input-files.xcfilelist",
			);
			name = "[CP] Embed Pods Frameworks";
			outputFileListPaths = (
				"${PODS_ROOT}/Target Support Files/Pods-Daily/Pods-Daily-frameworks-${CONFIGURATION}-output-files.xcfilelist",
			);
			runOnlyForDeploymentPostprocessing = 0;
			shellPath = /bin/sh;
			shellScript = "\"${PODS_ROOT}/Target Support Files/Pods-Daily/Pods-Daily-frameworks.sh\"\n";
			showEnvVarsInLog = 0;
		};
/* End PBXShellScriptBuildPhase section */

/* Begin PBXSourcesBuildPhase section */
		D77F5DD02425EB64009A0460 /* Sources */ = {
			isa = PBXSourcesBuildPhase;
			buildActionMask = 2147483647;
			files = (
				D7A23F2725D0216600B1AE88 /* PersistentManager.swift in Sources */,
				D7142A7F25F6F787003C8DE5 /* MenuOption.swift in Sources */,
				D76830E92491B397001200E3 /* CategoryCell.swift in Sources */,
				D7F6859A248CBF8F00E963AA /* SettingsController.swift in Sources */,
				D72DB20224CE4A24000370B7 /* NELabelsCell.swift in Sources */,
				D7E93E4425F3140E00D44471 /* NewCategoryCell.swift in Sources */,
				D7142A8325F6FB45003C8DE5 /* MenuOptionCell.swift in Sources */,
				D736106E243218A200C88CDC /* DateHeader.swift in Sources */,
				D77F5DDC2425EB65009A0460 /* HomeController.swift in Sources */,
				D77F5DD82425EB65009A0460 /* AppDelegate.swift in Sources */,
				D7DB23F0248F5EB500D3C47E /* Event.swift in Sources */,
				D72DB20624CE4C2B000370B7 /* NEToggleCell.swift in Sources */,
				D70620392490842A000F362F /* Category.swift in Sources */,
				D77F5DDA2425EB65009A0460 /* SceneDelegate.swift in Sources */,
				D7142A8725F73438003C8DE5 /* SettingsManager.swift in Sources */,
				D7DB23F2248F7B2100D3C47E /* EventCell.swift in Sources */,
				D7E928182425F98100EA8362 /* Extensions.swift in Sources */,
				D72DB20024CE49A0000370B7 /* NETextCell.swift in Sources */,
				D766FE0124CBAE6A0026C1C6 /* MainTabBarController.swift in Sources */,
				D72DB20A24CE4C95000370B7 /* NEDatePickerCell.swift in Sources */,
				D7F9EF5F24CE5A30000CCE35 /* Constants.swift in Sources */,
				D7A23F2125CFAE2400B1AE88 /* BaseController.swift in Sources */,
				D71F85FF2426417B002D0F4D /* DateCell.swift in Sources */,
				D7F68596248CB65900E963AA /* NewEventController.swift in Sources */,
				D7F68598248CBF5C00E963AA /* CategoriesController.swift in Sources */,
				D72DB20824CE4C68000370B7 /* NEPickerCell.swift in Sources */,
			);
			runOnlyForDeploymentPostprocessing = 0;
		};
/* End PBXSourcesBuildPhase section */

/* Begin PBXVariantGroup section */
		D77F5DE22425EB6D009A0460 /* LaunchScreen.storyboard */ = {
			isa = PBXVariantGroup;
			children = (
				D77F5DE32425EB6D009A0460 /* Base */,
			);
			name = LaunchScreen.storyboard;
			sourceTree = "<group>";
		};
/* End PBXVariantGroup section */

/* Begin XCBuildConfiguration section */
		D77F5DE62425EB6D009A0460 /* Debug */ = {
			isa = XCBuildConfiguration;
			buildSettings = {
				ALWAYS_SEARCH_USER_PATHS = NO;
				CLANG_ANALYZER_NONNULL = YES;
				CLANG_ANALYZER_NUMBER_OBJECT_CONVERSION = YES_AGGRESSIVE;
				CLANG_CXX_LANGUAGE_STANDARD = "gnu++14";
				CLANG_CXX_LIBRARY = "libc++";
				CLANG_ENABLE_MODULES = YES;
				CLANG_ENABLE_OBJC_ARC = YES;
				CLANG_ENABLE_OBJC_WEAK = YES;
				CLANG_WARN_BLOCK_CAPTURE_AUTORELEASING = YES;
				CLANG_WARN_BOOL_CONVERSION = YES;
				CLANG_WARN_COMMA = YES;
				CLANG_WARN_CONSTANT_CONVERSION = YES;
				CLANG_WARN_DEPRECATED_OBJC_IMPLEMENTATIONS = YES;
				CLANG_WARN_DIRECT_OBJC_ISA_USAGE = YES_ERROR;
				CLANG_WARN_DOCUMENTATION_COMMENTS = YES;
				CLANG_WARN_EMPTY_BODY = YES;
				CLANG_WARN_ENUM_CONVERSION = YES;
				CLANG_WARN_INFINITE_RECURSION = YES;
				CLANG_WARN_INT_CONVERSION = YES;
				CLANG_WARN_NON_LITERAL_NULL_CONVERSION = YES;
				CLANG_WARN_OBJC_IMPLICIT_RETAIN_SELF = YES;
				CLANG_WARN_OBJC_LITERAL_CONVERSION = YES;
				CLANG_WARN_OBJC_ROOT_CLASS = YES_ERROR;
				CLANG_WARN_QUOTED_INCLUDE_IN_FRAMEWORK_HEADER = YES;
				CLANG_WARN_RANGE_LOOP_ANALYSIS = YES;
				CLANG_WARN_STRICT_PROTOTYPES = YES;
				CLANG_WARN_SUSPICIOUS_MOVE = YES;
				CLANG_WARN_UNGUARDED_AVAILABILITY = YES_AGGRESSIVE;
				CLANG_WARN_UNREACHABLE_CODE = YES;
				CLANG_WARN__DUPLICATE_METHOD_MATCH = YES;
				COPY_PHASE_STRIP = NO;
				DEBUG_INFORMATION_FORMAT = dwarf;
				ENABLE_STRICT_OBJC_MSGSEND = YES;
				ENABLE_TESTABILITY = YES;
				GCC_C_LANGUAGE_STANDARD = gnu11;
				GCC_DYNAMIC_NO_PIC = NO;
				GCC_NO_COMMON_BLOCKS = YES;
				GCC_OPTIMIZATION_LEVEL = 0;
				GCC_PREPROCESSOR_DEFINITIONS = (
					"DEBUG=1",
					"$(inherited)",
				);
				GCC_WARN_64_TO_32_BIT_CONVERSION = YES;
				GCC_WARN_ABOUT_RETURN_TYPE = YES_ERROR;
				GCC_WARN_UNDECLARED_SELECTOR = YES;
				GCC_WARN_UNINITIALIZED_AUTOS = YES_AGGRESSIVE;
				GCC_WARN_UNUSED_FUNCTION = YES;
				GCC_WARN_UNUSED_VARIABLE = YES;
				IPHONEOS_DEPLOYMENT_TARGET = 13.2;
				MTL_ENABLE_DEBUG_INFO = INCLUDE_SOURCE;
				MTL_FAST_MATH = YES;
				ONLY_ACTIVE_ARCH = YES;
				SDKROOT = iphoneos;
				SWIFT_ACTIVE_COMPILATION_CONDITIONS = DEBUG;
				SWIFT_OPTIMIZATION_LEVEL = "-Onone";
			};
			name = Debug;
		};
		D77F5DE72425EB6D009A0460 /* Release */ = {
			isa = XCBuildConfiguration;
			buildSettings = {
				ALWAYS_SEARCH_USER_PATHS = NO;
				CLANG_ANALYZER_NONNULL = YES;
				CLANG_ANALYZER_NUMBER_OBJECT_CONVERSION = YES_AGGRESSIVE;
				CLANG_CXX_LANGUAGE_STANDARD = "gnu++14";
				CLANG_CXX_LIBRARY = "libc++";
				CLANG_ENABLE_MODULES = YES;
				CLANG_ENABLE_OBJC_ARC = YES;
				CLANG_ENABLE_OBJC_WEAK = YES;
				CLANG_WARN_BLOCK_CAPTURE_AUTORELEASING = YES;
				CLANG_WARN_BOOL_CONVERSION = YES;
				CLANG_WARN_COMMA = YES;
				CLANG_WARN_CONSTANT_CONVERSION = YES;
				CLANG_WARN_DEPRECATED_OBJC_IMPLEMENTATIONS = YES;
				CLANG_WARN_DIRECT_OBJC_ISA_USAGE = YES_ERROR;
				CLANG_WARN_DOCUMENTATION_COMMENTS = YES;
				CLANG_WARN_EMPTY_BODY = YES;
				CLANG_WARN_ENUM_CONVERSION = YES;
				CLANG_WARN_INFINITE_RECURSION = YES;
				CLANG_WARN_INT_CONVERSION = YES;
				CLANG_WARN_NON_LITERAL_NULL_CONVERSION = YES;
				CLANG_WARN_OBJC_IMPLICIT_RETAIN_SELF = YES;
				CLANG_WARN_OBJC_LITERAL_CONVERSION = YES;
				CLANG_WARN_OBJC_ROOT_CLASS = YES_ERROR;
				CLANG_WARN_QUOTED_INCLUDE_IN_FRAMEWORK_HEADER = YES;
				CLANG_WARN_RANGE_LOOP_ANALYSIS = YES;
				CLANG_WARN_STRICT_PROTOTYPES = YES;
				CLANG_WARN_SUSPICIOUS_MOVE = YES;
				CLANG_WARN_UNGUARDED_AVAILABILITY = YES_AGGRESSIVE;
				CLANG_WARN_UNREACHABLE_CODE = YES;
				CLANG_WARN__DUPLICATE_METHOD_MATCH = YES;
				COPY_PHASE_STRIP = NO;
				DEBUG_INFORMATION_FORMAT = "dwarf-with-dsym";
				ENABLE_NS_ASSERTIONS = NO;
				ENABLE_STRICT_OBJC_MSGSEND = YES;
				GCC_C_LANGUAGE_STANDARD = gnu11;
				GCC_NO_COMMON_BLOCKS = YES;
				GCC_WARN_64_TO_32_BIT_CONVERSION = YES;
				GCC_WARN_ABOUT_RETURN_TYPE = YES_ERROR;
				GCC_WARN_UNDECLARED_SELECTOR = YES;
				GCC_WARN_UNINITIALIZED_AUTOS = YES_AGGRESSIVE;
				GCC_WARN_UNUSED_FUNCTION = YES;
				GCC_WARN_UNUSED_VARIABLE = YES;
				IPHONEOS_DEPLOYMENT_TARGET = 13.2;
				MTL_ENABLE_DEBUG_INFO = NO;
				MTL_FAST_MATH = YES;
				SDKROOT = iphoneos;
				SWIFT_COMPILATION_MODE = wholemodule;
				SWIFT_OPTIMIZATION_LEVEL = "-O";
				VALIDATE_PRODUCT = YES;
			};
			name = Release;
		};
		D77F5DE92425EB6D009A0460 /* Debug */ = {
			isa = XCBuildConfiguration;
			baseConfigurationReference = 515D37E6486BABD9EB1C69D3 /* Pods-Daily.debug.xcconfig */;
			buildSettings = {
				ASSETCATALOG_COMPILER_APPICON_NAME = AppIcon;
				CODE_SIGN_STYLE = Automatic;
				DEVELOPMENT_TEAM = 973295K87L;
				INFOPLIST_FILE = Daily/Info.plist;
				IPHONEOS_DEPLOYMENT_TARGET = 13.0;
				LD_RUNPATH_SEARCH_PATHS = (
					"$(inherited)",
					"@executable_path/Frameworks",
				);
				PRODUCT_BUNDLE_IDENTIFIER = com.motodolphin.Daily;
				PRODUCT_NAME = "$(TARGET_NAME)";
				SWIFT_VERSION = 5.0;
				TARGETED_DEVICE_FAMILY = 1;
			};
			name = Debug;
		};
		D77F5DEA2425EB6D009A0460 /* Release */ = {
			isa = XCBuildConfiguration;
			baseConfigurationReference = E219ADD1D7BF065B33E439D1 /* Pods-Daily.release.xcconfig */;
			buildSettings = {
				ASSETCATALOG_COMPILER_APPICON_NAME = AppIcon;
				CODE_SIGN_STYLE = Automatic;
				DEVELOPMENT_TEAM = 973295K87L;
				INFOPLIST_FILE = Daily/Info.plist;
				IPHONEOS_DEPLOYMENT_TARGET = 13.0;
				LD_RUNPATH_SEARCH_PATHS = (
					"$(inherited)",
					"@executable_path/Frameworks",
				);
				PRODUCT_BUNDLE_IDENTIFIER = com.motodolphin.Daily;
				PRODUCT_NAME = "$(TARGET_NAME)";
				SWIFT_VERSION = 5.0;
				TARGETED_DEVICE_FAMILY = 1;
			};
			name = Release;
		};
/* End XCBuildConfiguration section */

/* Begin XCConfigurationList section */
		D77F5DCF2425EB64009A0460 /* Build configuration list for PBXProject "Daily" */ = {
			isa = XCConfigurationList;
			buildConfigurations = (
				D77F5DE62425EB6D009A0460 /* Debug */,
				D77F5DE72425EB6D009A0460 /* Release */,
			);
			defaultConfigurationIsVisible = 0;
			defaultConfigurationName = Release;
		};
		D77F5DE82425EB6D009A0460 /* Build configuration list for PBXNativeTarget "Daily" */ = {
			isa = XCConfigurationList;
			buildConfigurations = (
				D77F5DE92425EB6D009A0460 /* Debug */,
				D77F5DEA2425EB6D009A0460 /* Release */,
			);
			defaultConfigurationIsVisible = 0;
			defaultConfigurationName = Release;
		};
/* End XCConfigurationList section */
	};
	rootObject = D77F5DCC2425EB64009A0460 /* Project object */;
}
